%{"earmark": {:hex, :earmark, "0.1.17"},
  "excoveralls": {:hex, :excoveralls, "0.3.11"},
  "exgettext": {:git, "https://github.com/k1complete/exgettext.git", "953e56df79263c595aaa91a3c2a0a3db31c879f9", []},
  "exjsx": {:hex, :exjsx, "3.2.0"},
  "hackney": {:hex, :hackney, "1.3.2"},
  "hoedown": {:git, "https://github.com/hoedown/hoedown.git", "2a4cf17c70e6572ed42cdca3ea7ca3e768ed17be", []},
  "idna": {:hex, :idna, "1.0.2"},
  "jsx": {:hex, :jsx, "2.6.2"},
  "l10n_elixir": {:git, "https://github.com/k1complete/l10n_elixir.git", "e97d6ebd481f093e3409cd13cb252d4a33b7b485", []},
  "l10n_ex_unit": {:git, "https://github.com/k1complete/l10n_ex_unit.git", "b729206020d88782f0f8f8877301bd7e83407533", []},
  "l10n_iex": {:git, "https://github.com/k1complete/l10n_iex.git", "73f87acf0b8309ac2046644bc5067f2a1d625c30", []},
  "markdown": {:git, "https://github.com/devinus/markdown.git", "cd0df79b6f1cc374499d47f6ba6aaab5096f874f", []},
  "ssl_verify_hostname": {:hex, :ssl_verify_hostname, "1.0.5"}}
